// !$*UTF8*$!
{
	archiveVersion = 1;
	classes = {
	};
	objectVersion = 56;
	objects = {

/* Begin PBXBuildFile section */
		336300EE2BA3D6A70004BB79 /* NowPlayingModel.swift in Sources */ = {isa = PBXBuildFile; fileRef = 336300ED2BA3D6A70004BB79 /* NowPlayingModel.swift */; };
		336300F02BA3D7970004BB79 /* NowPlayingViewModel.swift in Sources */ = {isa = PBXBuildFile; fileRef = 336300EF2BA3D7970004BB79 /* NowPlayingViewModel.swift */; };
		336300F42BA3E1550004BB79 /* DetailMovieView.swift in Sources */ = {isa = PBXBuildFile; fileRef = 336300F32BA3E1550004BB79 /* DetailMovieView.swift */; };
		336300FA2BA40B000004BB79 /* MovieModel.swift in Sources */ = {isa = PBXBuildFile; fileRef = 336300F92BA40B000004BB79 /* MovieModel.swift */; };
		336300FC2BA40CCB0004BB79 /* MovieViewModel.swift in Sources */ = {isa = PBXBuildFile; fileRef = 336300FB2BA40CCA0004BB79 /* MovieViewModel.swift */; };
		336300FE2BA413CD0004BB79 /* DetailMovieModel.swift in Sources */ = {isa = PBXBuildFile; fileRef = 336300FD2BA413CD0004BB79 /* DetailMovieModel.swift */; };
		336301002BA417C60004BB79 /* DetailViewModel.swift in Sources */ = {isa = PBXBuildFile; fileRef = 336300FF2BA417C60004BB79 /* DetailViewModel.swift */; };
		33A5BBD32BA3D10A00F3647E /* movie_example_barruetaApp.swift in Sources */ = {isa = PBXBuildFile; fileRef = 33A5BBD22BA3D10A00F3647E /* movie_example_barruetaApp.swift */; };
		33A5BBD52BA3D10A00F3647E /* ContentView.swift in Sources */ = {isa = PBXBuildFile; fileRef = 33A5BBD42BA3D10A00F3647E /* ContentView.swift */; };
		33A5BBD72BA3D10C00F3647E /* Assets.xcassets in Resources */ = {isa = PBXBuildFile; fileRef = 33A5BBD62BA3D10C00F3647E /* Assets.xcassets */; };
		33A5BBDA2BA3D10C00F3647E /* Preview Assets.xcassets in Resources */ = {isa = PBXBuildFile; fileRef = 33A5BBD92BA3D10C00F3647E /* Preview Assets.xcassets */; };
/* End PBXBuildFile section */

/* Begin PBXFileReference section */
		336300ED2BA3D6A70004BB79 /* NowPlayingModel.swift */ = {isa = PBXFileReference; lastKnownFileType = sourcecode.swift; path = NowPlayingModel.swift; sourceTree = "<group>"; };
		336300EF2BA3D7970004BB79 /* NowPlayingViewModel.swift */ = {isa = PBXFileReference; lastKnownFileType = sourcecode.swift; path = NowPlayingViewModel.swift; sourceTree = "<group>"; };
		336300F32BA3E1550004BB79 /* DetailMovieView.swift */ = {isa = PBXFileReference; lastKnownFileType = sourcecode.swift; path = DetailMovieView.swift; sourceTree = "<group>"; };
		336300F92BA40B000004BB79 /* MovieModel.swift */ = {isa = PBXFileReference; lastKnownFileType = sourcecode.swift; path = MovieModel.swift; sourceTree = "<group>"; };
		336300FB2BA40CCA0004BB79 /* MovieViewModel.swift */ = {isa = PBXFileReference; lastKnownFileType = sourcecode.swift; path = MovieViewModel.swift; sourceTree = "<group>"; };
		336300FD2BA413CD0004BB79 /* DetailMovieModel.swift */ = {isa = PBXFileReference; lastKnownFileType = sourcecode.swift; path = DetailMovieModel.swift; sourceTree = "<group>"; };
		336300FF2BA417C60004BB79 /* DetailViewModel.swift */ = {isa = PBXFileReference; lastKnownFileType = sourcecode.swift; path = DetailViewModel.swift; sourceTree = "<group>"; };
		33A5BBCF2BA3D10A00F3647E /* movie_example_barrueta.app */ = {isa = PBXFileReference; explicitFileType = wrapper.application; includeInIndex = 0; path = movie_example_barrueta.app; sourceTree = BUILT_PRODUCTS_DIR; };
		33A5BBD22BA3D10A00F3647E /* movie_example_barruetaApp.swift */ = {isa = PBXFileReference; lastKnownFileType = sourcecode.swift; path = movie_example_barruetaApp.swift; sourceTree = "<group>"; };
		33A5BBD42BA3D10A00F3647E /* ContentView.swift */ = {isa = PBXFileReference; lastKnownFileType = sourcecode.swift; path = ContentView.swift; sourceTree = "<group>"; };
		33A5BBD62BA3D10C00F3647E /* Assets.xcassets */ = {isa = PBXFileReference; lastKnownFileType = folder.assetcatalog; path = Assets.xcassets; sourceTree = "<group>"; };
		33A5BBD92BA3D10C00F3647E /* Preview Assets.xcassets */ = {isa = PBXFileReference; lastKnownFileType = folder.assetcatalog; path = "Preview Assets.xcassets"; sourceTree = "<group>"; };
/* End PBXFileReference section */

/* Begin PBXFrameworksBuildPhase section */
		33A5BBCC2BA3D10A00F3647E /* Frameworks */ = {
			isa = PBXFrameworksBuildPhase;
			buildActionMask = 2147483647;
			files = (
			);
			runOnlyForDeploymentPostprocessing = 0;
		};
/* End PBXFrameworksBuildPhase section */

/* Begin PBXGroup section */
		336300EA2BA3D3ED0004BB79 /* View */ = {
			isa = PBXGroup;
			children = (
				33A5BBD42BA3D10A00F3647E /* ContentView.swift */,
				336300F32BA3E1550004BB79 /* DetailMovieView.swift */,
			);
			path = View;
			sourceTree = "<group>";
		};
		336300EB2BA3D3F40004BB79 /* ViewModel */ = {
			isa = PBXGroup;
			children = (
				336300EF2BA3D7970004BB79 /* NowPlayingViewModel.swift */,
				336300FB2BA40CCA0004BB79 /* MovieViewModel.swift */,
				336300FF2BA417C60004BB79 /* DetailViewModel.swift */,
			);
			path = ViewModel;
			sourceTree = "<group>";
		};
		336300EC2BA3D3FE0004BB79 /* Model */ = {
			isa = PBXGroup;
			children = (
				336300ED2BA3D6A70004BB79 /* NowPlayingModel.swift */,
				336300F92BA40B000004BB79 /* MovieModel.swift */,
				336300FD2BA413CD0004BB79 /* DetailMovieModel.swift */,
			);
			path = Model;
			sourceTree = "<group>";
		};
		33A5BBC62BA3D10A00F3647E = {
			isa = PBXGroup;
			children = (
				33A5BBD12BA3D10A00F3647E /* movie_example_barrueta */,
				33A5BBD02BA3D10A00F3647E /* Products */,
			);
			sourceTree = "<group>";
		};
		33A5BBD02BA3D10A00F3647E /* Products */ = {
			isa = PBXGroup;
			children = (
				33A5BBCF2BA3D10A00F3647E /* movie_example_barrueta.app */,
			);
			name = Products;
			sourceTree = "<group>";
		};
		33A5BBD12BA3D10A00F3647E /* movie_example_barrueta */ = {
			isa = PBXGroup;
			children = (
				336300EC2BA3D3FE0004BB79 /* Model */,
				336300EB2BA3D3F40004BB79 /* ViewModel */,
				336300EA2BA3D3ED0004BB79 /* View */,
				33A5BBD22BA3D10A00F3647E /* movie_example_barruetaApp.swift */,
				33A5BBD62BA3D10C00F3647E /* Assets.xcassets */,
				33A5BBD82BA3D10C00F3647E /* Preview Content */,
			);
			path = movie_example_barrueta;
			sourceTree = "<group>";
		};
		33A5BBD82BA3D10C00F3647E /* Preview Content */ = {
			isa = PBXGroup;
			children = (
				33A5BBD92BA3D10C00F3647E /* Preview Assets.xcassets */,
			);
			path = "Preview Content";
			sourceTree = "<group>";
		};
/* End PBXGroup section */

/* Begin PBXNativeTarget section */
		33A5BBCE2BA3D10A00F3647E /* movie_example_barrueta */ = {
			isa = PBXNativeTarget;
			buildConfigurationList = 33A5BBDD2BA3D10C00F3647E /* Build configuration list for PBXNativeTarget "movie_example_barrueta" */;
			buildPhases = (
				33A5BBCB2BA3D10A00F3647E /* Sources */,
				33A5BBCC2BA3D10A00F3647E /* Frameworks */,
				33A5BBCD2BA3D10A00F3647E /* Resources */,
			);
			buildRules = (
			);
			dependencies = (
			);
			name = movie_example_barrueta;
			productName = movie_example_barrueta;
			productReference = 33A5BBCF2BA3D10A00F3647E /* movie_example_barrueta.app */;
			productType = "com.apple.product-type.application";
		};
/* End PBXNativeTarget section */

/* Begin PBXProject section */
		33A5BBC72BA3D10A00F3647E /* Project object */ = {
			isa = PBXProject;
			attributes = {
				BuildIndependentTargetsInParallel = 1;
				LastSwiftUpdateCheck = 1530;
				LastUpgradeCheck = 1530;
				TargetAttributes = {
					33A5BBCE2BA3D10A00F3647E = {
						CreatedOnToolsVersion = 15.3;
					};
				};
			};
			buildConfigurationList = 33A5BBCA2BA3D10A00F3647E /* Build configuration list for PBXProject "movie_example_barrueta" */;
			compatibilityVersion = "Xcode 14.0";
			developmentRegion = en;
			hasScannedForEncodings = 0;
			knownRegions = (
				en,
				Base,
			);
			mainGroup = 33A5BBC62BA3D10A00F3647E;
			productRefGroup = 33A5BBD02BA3D10A00F3647E /* Products */;
			projectDirPath = "";
			projectRoot = "";
			targets = (
				33A5BBCE2BA3D10A00F3647E /* movie_example_barrueta */,
			);
		};
/* End PBXProject section */

/* Begin PBXResourcesBuildPhase section */
		33A5BBCD2BA3D10A00F3647E /* Resources */ = {
			isa = PBXResourcesBuildPhase;
			buildActionMask = 2147483647;
			files = (
				33A5BBDA2BA3D10C00F3647E /* Preview Assets.xcassets in Resources */,
				33A5BBD72BA3D10C00F3647E /* Assets.xcassets in Resources */,
			);
			runOnlyForDeploymentPostprocessing = 0;
		};
/* End PBXResourcesBuildPhase section */

/* Begin PBXSourcesBuildPhase section */
		33A5BBCB2BA3D10A00F3647E /* Sources */ = {
			isa = PBXSourcesBuildPhase;
			buildActionMask = 2147483647;
			files = (
				336300FA2BA40B000004BB79 /* MovieModel.swift in Sources */,
				336300F42BA3E1550004BB79 /* DetailMovieView.swift in Sources */,
				336300F02BA3D7970004BB79 /* NowPlayingViewModel.swift in Sources */,
				336300EE2BA3D6A70004BB79 /* NowPlayingModel.swift in Sources */,
				336301002BA417C60004BB79 /* DetailViewModel.swift in Sources */,
				33A5BBD52BA3D10A00F3647E /* ContentView.swift in Sources */,
				336300FE2BA413CD0004BB79 /* DetailMovieModel.swift in Sources */,
				336300FC2BA40CCB0004BB79 /* MovieViewModel.swift in Sources */,
				33A5BBD32BA3D10A00F3647E /* movie_example_barruetaApp.swift in Sources */,
			);
			runOnlyForDeploymentPostprocessing = 0;
		};
/* End PBXSourcesBuildPhase section */

/* Begin XCBuildConfiguration section */
		33A5BBDB2BA3D10C00F3647E /* Debug */ = {
			isa = XCBuildConfiguration;
			buildSettings = {
				ALWAYS_SEARCH_USER_PATHS = NO;
				ASSETCATALOG_COMPILER_GENERATE_SWIFT_ASSET_SYMBOL_EXTENSIONS = YES;
				CLANG_ANALYZER_NONNULL = YES;
				CLANG_ANALYZER_NUMBER_OBJECT_CONVERSION = YES_AGGRESSIVE;
				CLANG_CXX_LANGUAGE_STANDARD = "gnu++20";
				CLANG_ENABLE_MODULES = YES;
				CLANG_ENABLE_OBJC_ARC = YES;
				CLANG_ENABLE_OBJC_WEAK = YES;
				CLANG_WARN_BLOCK_CAPTURE_AUTORELEASING = YES;
				CLANG_WARN_BOOL_CONVERSION = YES;
				CLANG_WARN_COMMA = YES;
				CLANG_WARN_CONSTANT_CONVERSION = YES;
				CLANG_WARN_DEPRECATED_OBJC_IMPLEMENTATIONS = YES;
				CLANG_WARN_DIRECT_OBJC_ISA_USAGE = YES_ERROR;
				CLANG_WARN_DOCUMENTATION_COMMENTS = YES;
				CLANG_WARN_EMPTY_BODY = YES;
				CLANG_WARN_ENUM_CONVERSION = YES;
				CLANG_WARN_INFINITE_RECURSION = YES;
				CLANG_WARN_INT_CONVERSION = YES;
				CLANG_WARN_NON_LITERAL_NULL_CONVERSION = YES;
				CLANG_WARN_OBJC_IMPLICIT_RETAIN_SELF = YES;
				CLANG_WARN_OBJC_LITERAL_CONVERSION = YES;
				CLANG_WARN_OBJC_ROOT_CLASS = YES_ERROR;
				CLANG_WARN_QUOTED_INCLUDE_IN_FRAMEWORK_HEADER = YES;
				CLANG_WARN_RANGE_LOOP_ANALYSIS = YES;
				CLANG_WARN_STRICT_PROTOTYPES = YES;
				CLANG_WARN_SUSPICIOUS_MOVE = YES;
				CLANG_WARN_UNGUARDED_AVAILABILITY = YES_AGGRESSIVE;
				CLANG_WARN_UNREACHABLE_CODE = YES;
				CLANG_WARN__DUPLICATE_METHOD_MATCH = YES;
				COPY_PHASE_STRIP = NO;
				DEBUG_INFORMATION_FORMAT = dwarf;
				ENABLE_STRICT_OBJC_MSGSEND = YES;
				ENABLE_TESTABILITY = YES;
				ENABLE_USER_SCRIPT_SANDBOXING = YES;
				GCC_C_LANGUAGE_STANDARD = gnu17;
				GCC_DYNAMIC_NO_PIC = NO;
				GCC_NO_COMMON_BLOCKS = YES;
				GCC_OPTIMIZATION_LEVEL = 0;
				GCC_PREPROCESSOR_DEFINITIONS = (
					"DEBUG=1",
					"$(inherited)",
				);
				GCC_WARN_64_TO_32_BIT_CONVERSION = YES;
				GCC_WARN_ABOUT_RETURN_TYPE = YES_ERROR;
				GCC_WARN_UNDECLARED_SELECTOR = YES;
				GCC_WARN_UNINITIALIZED_AUTOS = YES_AGGRESSIVE;
				GCC_WARN_UNUSED_FUNCTION = YES;
				GCC_WARN_UNUSED_VARIABLE = YES;
				IPHONEOS_DEPLOYMENT_TARGET = 17.4;
				LOCALIZATION_PREFERS_STRING_CATALOGS = YES;
				MTL_ENABLE_DEBUG_INFO = INCLUDE_SOURCE;
				MTL_FAST_MATH = YES;
				ONLY_ACTIVE_ARCH = YES;
				SDKROOT = iphoneos;
				SWIFT_ACTIVE_COMPILATION_CONDITIONS = "DEBUG $(inherited)";
				SWIFT_OPTIMIZATION_LEVEL = "-Onone";
			};
			name = Debug;
		};
		33A5BBDC2BA3D10C00F3647E /* Release */ = {
			isa = XCBuildConfiguration;
			buildSettings = {
				ALWAYS_SEARCH_USER_PATHS = NO;
				ASSETCATALOG_COMPILER_GENERATE_SWIFT_ASSET_SYMBOL_EXTENSIONS = YES;
				CLANG_ANALYZER_NONNULL = YES;
				CLANG_ANALYZER_NUMBER_OBJECT_CONVERSION = YES_AGGRESSIVE;
				CLANG_CXX_LANGUAGE_STANDARD = "gnu++20";
				CLANG_ENABLE_MODULES = YES;
				CLANG_ENABLE_OBJC_ARC = YES;
				CLANG_ENABLE_OBJC_WEAK = YES;
				CLANG_WARN_BLOCK_CAPTURE_AUTORELEASING = YES;
				CLANG_WARN_BOOL_CONVERSION = YES;
				CLANG_WARN_COMMA = YES;
				CLANG_WARN_CONSTANT_CONVERSION = YES;
				CLANG_WARN_DEPRECATED_OBJC_IMPLEMENTATIONS = YES;
				CLANG_WARN_DIRECT_OBJC_ISA_USAGE = YES_ERROR;
				CLANG_WARN_DOCUMENTATION_COMMENTS = YES;
				CLANG_WARN_EMPTY_BODY = YES;
				CLANG_WARN_ENUM_CONVERSION = YES;
				CLANG_WARN_INFINITE_RECURSION = YES;
				CLANG_WARN_INT_CONVERSION = YES;
				CLANG_WARN_NON_LITERAL_NULL_CONVERSION = YES;
				CLANG_WARN_OBJC_IMPLICIT_RETAIN_SELF = YES;
				CLANG_WARN_OBJC_LITERAL_CONVERSION = YES;
				CLANG_WARN_OBJC_ROOT_CLASS = YES_ERROR;
				CLANG_WARN_QUOTED_INCLUDE_IN_FRAMEWORK_HEADER = YES;
				CLANG_WARN_RANGE_LOOP_ANALYSIS = YES;
				CLANG_WARN_STRICT_PROTOTYPES = YES;
				CLANG_WARN_SUSPICIOUS_MOVE = YES;
				CLANG_WARN_UNGUARDED_AVAILABILITY = YES_AGGRESSIVE;
				CLANG_WARN_UNREACHABLE_CODE = YES;
				CLANG_WARN__DUPLICATE_METHOD_MATCH = YES;
				COPY_PHASE_STRIP = NO;
				DEBUG_INFORMATION_FORMAT = "dwarf-with-dsym";
				ENABLE_NS_ASSERTIONS = NO;
				ENABLE_STRICT_OBJC_MSGSEND = YES;
				ENABLE_USER_SCRIPT_SANDBOXING = YES;
				GCC_C_LANGUAGE_STANDARD = gnu17;
				GCC_NO_COMMON_BLOCKS = YES;
				GCC_WARN_64_TO_32_BIT_CONVERSION = YES;
				GCC_WARN_ABOUT_RETURN_TYPE = YES_ERROR;
				GCC_WARN_UNDECLARED_SELECTOR = YES;
				GCC_WARN_UNINITIALIZED_AUTOS = YES_AGGRESSIVE;
				GCC_WARN_UNUSED_FUNCTION = YES;
				GCC_WARN_UNUSED_VARIABLE = YES;
				IPHONEOS_DEPLOYMENT_TARGET = 17.4;
				LOCALIZATION_PREFERS_STRING_CATALOGS = YES;
				MTL_ENABLE_DEBUG_INFO = NO;
				MTL_FAST_MATH = YES;
				SDKROOT = iphoneos;
				SWIFT_COMPILATION_MODE = wholemodule;
				VALIDATE_PRODUCT = YES;
			};
			name = Release;
		};
		33A5BBDE2BA3D10C00F3647E /* Debug */ = {
			isa = XCBuildConfiguration;
			buildSettings = {
				ASSETCATALOG_COMPILER_APPICON_NAME = AppIcon;
				ASSETCATALOG_COMPILER_GLOBAL_ACCENT_COLOR_NAME = AccentColor;
				CODE_SIGN_STYLE = Automatic;
				CURRENT_PROJECT_VERSION = 1;
				DEVELOPMENT_ASSET_PATHS = "\"movie_example_barrueta/Preview Content\"";
				DEVELOPMENT_TEAM = 8C39PWTK84;
				ENABLE_PREVIEWS = YES;
				GENERATE_INFOPLIST_FILE = YES;
				INFOPLIST_KEY_UIApplicationSceneManifest_Generation = YES;
				INFOPLIST_KEY_UIApplicationSupportsIndirectInputEvents = YES;
				INFOPLIST_KEY_UILaunchScreen_Generation = YES;
				INFOPLIST_KEY_UISupportedInterfaceOrientations_iPad = "UIInterfaceOrientationPortrait UIInterfaceOrientationPortraitUpsideDown UIInterfaceOrientationLandscapeLeft UIInterfaceOrientationLandscapeRight";
				INFOPLIST_KEY_UISupportedInterfaceOrientations_iPhone = "UIInterfaceOrientationPortrait UIInterfaceOrientationLandscapeLeft UIInterfaceOrientationLandscapeRight";
				LD_RUNPATH_SEARCH_PATHS = (
					"$(inherited)",
					"@executable_path/Frameworks",
				);
				MARKETING_VERSION = 1.0;
				PRODUCT_BUNDLE_IDENTIFIER = "jonathan-barrueta.movie-example-barrueta";
				PRODUCT_NAME = "$(TARGET_NAME)";
				SWIFT_EMIT_LOC_STRINGS = YES;
				SWIFT_VERSION = 5.0;
				TARGETED_DEVICE_FAMILY = "1,2";
			};
			name = Debug;
		};
		33A5BBDF2BA3D10C00F3647E /* Release */ = {
			isa = XCBuildConfiguration;
			buildSettings = {
				ASSETCATALOG_COMPILER_APPICON_NAME = AppIcon;
				ASSETCATALOG_COMPILER_GLOBAL_ACCENT_COLOR_NAME = AccentColor;
				CODE_SIGN_STYLE = Automatic;
				CURRENT_PROJECT_VERSION = 1;
				DEVELOPMENT_ASSET_PATHS = "\"movie_example_barrueta/Preview Content\"";
				DEVELOPMENT_TEAM = 8C39PWTK84;
				ENABLE_PREVIEWS = YES;
				GENERATE_INFOPLIST_FILE = YES;
				INFOPLIST_KEY_UIApplicationSceneManifest_Generation = YES;
				INFOPLIST_KEY_UIApplicationSupportsIndirectInputEvents = YES;
				INFOPLIST_KEY_UILaunchScreen_Generation = YES;
				INFOPLIST_KEY_UISupportedInterfaceOrientations_iPad = "UIInterfaceOrientationPortrait UIInterfaceOrientationPortraitUpsideDown UIInterfaceOrientationLandscapeLeft UIInterfaceOrientationLandscapeRight";
				INFOPLIST_KEY_UISupportedInterfaceOrientations_iPhone = "UIInterfaceOrientationPortrait UIInterfaceOrientationLandscapeLeft UIInterfaceOrientationLandscapeRight";
				LD_RUNPATH_SEARCH_PATHS = (
					"$(inherited)",
					"@executable_path/Frameworks",
				);
				MARKETING_VERSION = 1.0;
				PRODUCT_BUNDLE_IDENTIFIER = "jonathan-barrueta.movie-example-barrueta";
				PRODUCT_NAME = "$(TARGET_NAME)";
				SWIFT_EMIT_LOC_STRINGS = YES;
				SWIFT_VERSION = 5.0;
				TARGETED_DEVICE_FAMILY = "1,2";
			};
			name = Release;
		};
/* End XCBuildConfiguration section */

/* Begin XCConfigurationList section */
		33A5BBCA2BA3D10A00F3647E /* Build configuration list for PBXProject "movie_example_barrueta" */ = {
			isa = XCConfigurationList;
			buildConfigurations = (
				33A5BBDB2BA3D10C00F3647E /* Debug */,
				33A5BBDC2BA3D10C00F3647E /* Release */,
			);
			defaultConfigurationIsVisible = 0;
			defaultConfigurationName = Release;
		};
		33A5BBDD2BA3D10C00F3647E /* Build configuration list for PBXNativeTarget "movie_example_barrueta" */ = {
			isa = XCConfigurationList;
			buildConfigurations = (
				33A5BBDE2BA3D10C00F3647E /* Debug */,
				33A5BBDF2BA3D10C00F3647E /* Release */,
			);
			defaultConfigurationIsVisible = 0;
			defaultConfigurationName = Release;
		};
/* End XCConfigurationList section */
	};
	rootObject = 33A5BBC72BA3D10A00F3647E /* Project object */;
}
